
Microsoft Visual Studio Solution File, Format Version 12.00
# Visual Studio Version 17
VisualStudioVersion = 17.3.32804.467
MinimumVisualStudioVersion = 10.0.40219.1
Project("{9A19103F-16F7-4668-BE54-9A1E7A4F7556}") = "Common", "Common\Common.csproj", "{C4D040B2-7591-41E3-95AD-FABAB5ACB3F1}"
EndProject
Project("{9A19103F-16F7-4668-BE54-9A1E7A4F7556}") = "Server.Tests", "Server.Tests\Server.Tests.csproj", "{A299B013-8557-4DA1-907E-14FB4E3F977D}"
EndProject
Project("{9A19103F-16F7-4668-BE54-9A1E7A4F7556}") = "Common.Tests", "Common.Tests\Common.Tests.csproj", "{AD7967EC-8455-4C26-AE5B-4935B6D08265}"
EndProject
Project("{9A19103F-16F7-4668-BE54-9A1E7A4F7556}") = "WebClient.Tests", "WebClient.Tests\WebClient.Tests.csproj", "{E5DE4202-9834-49C3-9146-03AAA3CACC30}"
EndProject
Project("{2150E333-8FDC-42A3-9474-1A3956D46DE8}") = "Root", "Root", "{35E34F01-342D-44B1-9B03-EAB2C768B3DD}"
EndProject
Project("{2150E333-8FDC-42A3-9474-1A3956D46DE8}") = "Tests", "Tests", "{3144C42A-5CB7-474D-B0C6-D2AD82879636}"
EndProject
Project("{9A19103F-16F7-4668-BE54-9A1E7A4F7556}") = "Server", "Server\Server.csproj", "{19044E87-368E-46E5-BC44-DA7C77E0C12B}"
EndProject
Project("{9A19103F-16F7-4668-BE54-9A1E7A4F7556}") = "WebClient", "WebClient\WebClient.csproj", "{EC6F414F-414D-4FCB-A6EA-9D851BD823F7}"
EndProject
Global
	GlobalSection(SolutionConfigurationPlatforms) = preSolution
		Debug|Any CPU = Debug|Any CPU
		Release|Any CPU = Release|Any CPU
	EndGlobalSection
	GlobalSection(ProjectConfigurationPlatforms) = postSolution
		{C4D040B2-7591-41E3-95AD-FABAB5ACB3F1}.Debug|Any CPU.ActiveCfg = Debug|Any CPU
		{C4D040B2-7591-41E3-95AD-FABAB5ACB3F1}.Debug|Any CPU.Build.0 = Debug|Any CPU
		{C4D040B2-7591-41E3-95AD-FABAB5ACB3F1}.Release|Any CPU.ActiveCfg = Release|Any CPU
		{C4D040B2-7591-41E3-95AD-FABAB5ACB3F1}.Release|Any CPU.Build.0 = Release|Any CPU
		{A299B013-8557-4DA1-907E-14FB4E3F977D}.Debug|Any CPU.ActiveCfg = Debug|Any CPU
		{A299B013-8557-4DA1-907E-14FB4E3F977D}.Debug|Any CPU.Build.0 = Debug|Any CPU
		{A299B013-8557-4DA1-907E-14FB4E3F977D}.Release|Any CPU.ActiveCfg = Release|Any CPU
		{A299B013-8557-4DA1-907E-14FB4E3F977D}.Release|Any CPU.Build.0 = Release|Any CPU
		{AD7967EC-8455-4C26-AE5B-4935B6D08265}.Debug|Any CPU.ActiveCfg = Debug|Any CPU
		{AD7967EC-8455-4C26-AE5B-4935B6D08265}.Debug|Any CPU.Build.0 = Debug|Any CPU
		{AD7967EC-8455-4C26-AE5B-4935B6D08265}.Release|Any CPU.ActiveCfg = Release|Any CPU
		{AD7967EC-8455-4C26-AE5B-4935B6D08265}.Release|Any CPU.Build.0 = Release|Any CPU
		{E5DE4202-9834-49C3-9146-03AAA3CACC30}.Debug|Any CPU.ActiveCfg = Debug|Any CPU
		{E5DE4202-9834-49C3-9146-03AAA3CACC30}.Debug|Any CPU.Build.0 = Debug|Any CPU
		{E5DE4202-9834-49C3-9146-03AAA3CACC30}.Release|Any CPU.ActiveCfg = Release|Any CPU
		{E5DE4202-9834-49C3-9146-03AAA3CACC30}.Release|Any CPU.Build.0 = Release|Any CPU
		{19044E87-368E-46E5-BC44-DA7C77E0C12B}.Debug|Any CPU.ActiveCfg = Debug|Any CPU
		{19044E87-368E-46E5-BC44-DA7C77E0C12B}.Debug|Any CPU.Build.0 = Debug|Any CPU
		{19044E87-368E-46E5-BC44-DA7C77E0C12B}.Release|Any CPU.ActiveCfg = Release|Any CPU
		{19044E87-368E-46E5-BC44-DA7C77E0C12B}.Release|Any CPU.Build.0 = Release|Any CPU
		{EC6F414F-414D-4FCB-A6EA-9D851BD823F7}.Debug|Any CPU.ActiveCfg = Debug|Any CPU
		{EC6F414F-414D-4FCB-A6EA-9D851BD823F7}.Debug|Any CPU.Build.0 = Debug|Any CPU
		{EC6F414F-414D-4FCB-A6EA-9D851BD823F7}.Release|Any CPU.ActiveCfg = Release|Any CPU
		{EC6F414F-414D-4FCB-A6EA-9D851BD823F7}.Release|Any CPU.Build.0 = Release|Any CPU
	EndGlobalSection
	GlobalSection(SolutionProperties) = preSolution
		HideSolutionNode = FALSE
	EndGlobalSection
	GlobalSection(NestedProjects) = preSolution
		{C4D040B2-7591-41E3-95AD-FABAB5ACB3F1} = {35E34F01-342D-44B1-9B03-EAB2C768B3DD}
		{A299B013-8557-4DA1-907E-14FB4E3F977D} = {3144C42A-5CB7-474D-B0C6-D2AD82879636}
		{AD7967EC-8455-4C26-AE5B-4935B6D08265} = {3144C42A-5CB7-474D-B0C6-D2AD82879636}
		{E5DE4202-9834-49C3-9146-03AAA3CACC30} = {3144C42A-5CB7-474D-B0C6-D2AD82879636}
		{19044E87-368E-46E5-BC44-DA7C77E0C12B} = {35E34F01-342D-44B1-9B03-EAB2C768B3DD}
		{EC6F414F-414D-4FCB-A6EA-9D851BD823F7} = {35E34F01-342D-44B1-9B03-EAB2C768B3DD}
	EndGlobalSection
	GlobalSection(ExtensibilityGlobals) = postSolution
		SolutionGuid = {EB24DFDE-46DA-4EC0-8410-EC8D9618D5C6}
	EndGlobalSection
EndGlobal
